{
  "name": "custom-elements-loader",
  "version": "1.0.0",
  "lockfileVersion": 1,
  "requires": true,
  "dependencies": {
    "ansi-styles": {
      "version": "3.2.1",
      "resolved": "https://registry.npmjs.org/ansi-styles/-/ansi-styles-3.2.1.tgz",
      "integrity": "sha512-VT0ZI6kZRdTh8YyJw3SMbYm/u+NqfsAxEpWO0Pf9sq8/e94WxxOpPKx9FR1FlyCtOVDNOQ+8ntlqFxiRc+r5qA==",
      "requires": {
        "color-convert": "1.9.3"
      }
    },
    "autoprefixer": {
      "version": "9.1.5",
      "resolved": "https://registry.npmjs.org/autoprefixer/-/autoprefixer-9.1.5.tgz",
      "integrity": "sha512-kk4Zb6RUc58ld7gdosERHMF3DzIYJc2fp5sX46qEsGXQQy5bXsu8qyLjoxuY1NuQ/cJuCYnx99BfjwnRggrYIw==",
      "requires": {
        "browserslist": "4.2.0",
        "caniuse-lite": "1.0.30000890",
        "normalize-range": "0.1.2",
        "num2fraction": "1.2.2",
        "postcss": "7.0.5",
        "postcss-value-parser": "3.3.0"
      }
    },
    "browserslist": {
      "version": "4.2.0",
      "resolved": "https://registry.npmjs.org/browserslist/-/browserslist-4.2.0.tgz",
      "integrity": "sha512-Berls1CHL7qfQz8Lct6QxYA5d2Tvt4doDWHcjvAISybpd+EKZVppNtXgXhaN6SdrPKo7YLTSZuYBs5cYrSWN8w==",
      "requires": {
        "caniuse-lite": "1.0.30000890",
        "electron-to-chromium": "1.3.75",
        "node-releases": "1.0.0-alpha.12"
      }
    },
    "caniuse-lite": {
      "version": "1.0.30000890",
      "resolved": "https://registry.npmjs.org/caniuse-lite/-/caniuse-lite-1.0.30000890.tgz",
      "integrity": "sha512-4NI3s4Y6ROm+SgZN5sLUG4k7nVWQnedis3c/RWkynV5G6cHSY7+a8fwFyn2yoBDE3E6VswhTNNwR3PvzGqlTkg=="
    },
    "chalk": {
      "version": "2.4.1",
      "resolved": "https://registry.npmjs.org/chalk/-/chalk-2.4.1.tgz",
      "integrity": "sha512-ObN6h1v2fTJSmUXoS3nMQ92LbDK9be4TV+6G+omQlGJFdcUX5heKi1LZ1YnRMIgwTLEj3E24bT6tYni50rlCfQ==",
      "requires": {
        "ansi-styles": "3.2.1",
        "escape-string-regexp": "1.0.5",
        "supports-color": "5.5.0"
      }
    },
    "color-convert": {
      "version": "1.9.3",
      "resolved": "https://registry.npmjs.org/color-convert/-/color-convert-1.9.3.tgz",
      "integrity": "sha512-QfAUtd+vFdAtFQcC8CCyYt1fYWxSqAiK2cSD6zDB8N3cpsEBAvRxp9zOGg6G/SHHJYAT88/az/IuDGALsNVbGg==",
      "requires": {
        "color-name": "1.1.3"
      }
    },
    "color-name": {
      "version": "1.1.3",
      "resolved": "https://registry.npmjs.org/color-name/-/color-name-1.1.3.tgz",
      "integrity": "sha1-p9BVi9icQveV3UIyj3QIMcpTvCU="
    },
    "electron-to-chromium": {
      "version": "1.3.75",
      "resolved": "https://registry.npmjs.org/electron-to-chromium/-/electron-to-chromium-1.3.75.tgz",
      "integrity": "sha512-nLo03Qpw++8R6BxDZL/B1c8SQvUe/htdgc5LWYHe5YotV2jVvRUMP5AlOmxOsyeOzgMiXrNln2mC05Ixz6vuUQ=="
    },
    "escape-string-regexp": {
      "version": "1.0.5",
      "resolved": "https://registry.npmjs.org/escape-string-regexp/-/escape-string-regexp-1.0.5.tgz",
      "integrity": "sha1-G2HAViGQqN/2rjuyzwIAyhMLhtQ="
    },
    "has-flag": {
      "version": "3.0.0",
      "resolved": "https://registry.npmjs.org/has-flag/-/has-flag-3.0.0.tgz",
      "integrity": "sha1-tdRU3CGZriJWmfNGfloH87lVuv0="
    },
    "node-releases": {
      "version": "1.0.0-alpha.12",
      "resolved": "https://registry.npmjs.org/node-releases/-/node-releases-1.0.0-alpha.12.tgz",
      "integrity": "sha512-VPB4rTPqpVyWKBHbSa4YPFme3+8WHsOSpvbp0Mfj0bWsC8TEjt4HQrLl1hsBDELlp1nB4lflSgSuGTYiuyaP7Q==",
      "requires": {
        "semver": "5.5.1"
      }
    },
    "normalize-range": {
      "version": "0.1.2",
      "resolved": "https://registry.npmjs.org/normalize-range/-/normalize-range-0.1.2.tgz",
      "integrity": "sha1-LRDAa9/TEuqXd2laTShDlFa3WUI="
    },
    "num2fraction": {
      "version": "1.2.2",
      "resolved": "https://registry.npmjs.org/num2fraction/-/num2fraction-1.2.2.tgz",
      "integrity": "sha1-b2gragJ6Tp3fpFZM0lidHU5mnt4="
    },
    "postcss": {
      "version": "7.0.5",
      "resolved": "https://registry.npmjs.org/postcss/-/postcss-7.0.5.tgz",
      "integrity": "sha512-HBNpviAUFCKvEh7NZhw1e8MBPivRszIiUnhrJ+sBFVSYSqubrzwX3KG51mYgcRHX8j/cAgZJedONZcm5jTBdgQ==",
      "requires": {
        "chalk": "2.4.1",
        "source-map": "0.6.1",
        "supports-color": "5.5.0"
      }
    },
    "postcss-value-parser": {
      "version": "3.3.0",
      "resolved": "https://registry.npmjs.org/postcss-value-parser/-/postcss-value-parser-3.3.0.tgz",
      "integrity": "sha1-h/OPnxj3dKSrTIojL1xc6IcqnRU="
    },
    "semver": {
      "version": "5.5.1",
      "resolved": "https://registry.npmjs.org/semver/-/semver-5.5.1.tgz",
      "integrity": "sha512-PqpAxfrEhlSUWge8dwIp4tZnQ25DIOthpiaHNIthsjEFQD6EvqUKUDM7L8O2rShkFccYo1VjJR0coWfNkCubRw=="
    },
    "source-map": {
      "version": "0.6.1",
      "resolved": "https://registry.npmjs.org/source-map/-/source-map-0.6.1.tgz",
      "integrity": "sha512-UjgapumWlbMhkBgzT7Ykc5YXUT46F0iKu8SGXq0bcwP5dz/h0Plj6enJqjz1Zbq2l5WaqYnrVbwWOWMyF3F47g=="
    },
    "supports-color": {
      "version": "5.5.0",
      "resolved": "https://registry.npmjs.org/supports-color/-/supports-color-5.5.0.tgz",
      "integrity": "sha512-QjVjwdXIt408MIiAqCX4oUKsgU2EqAGzs2Ppkm4aQYbjm+ZEWEcW4SfFNTr4uMNZma0ey4f5lgLrkB0aX0QMow==",
      "requires": {
        "has-flag": "3.0.0"
      }
    }
  }
}
